// !$*UTF8*$!
{
	archiveVersion = 1;
	classes = {
	};
	objectVersion = 51;
	objects = {

/* Begin PBXBuildFile section */
		1444D0A42A9EC1B58B62D8D1 /* Pods_ProjectMobidev.framework in Frameworks */ = {isa = PBXBuildFile; fileRef = B74C18D318898FEFB13EC769 /* Pods_ProjectMobidev.framework */; };
		7009820922DF763900BAE499 /* AppDelegate.swift in Sources */ = {isa = PBXBuildFile; fileRef = 7009820822DF763900BAE499 /* AppDelegate.swift */; };
		7009820B22DF763900BAE499 /* art.scnassets in Resources */ = {isa = PBXBuildFile; fileRef = 7009820A22DF763900BAE499 /* art.scnassets */; };
		7009820D22DF763900BAE499 /* MainViewController.swift in Sources */ = {isa = PBXBuildFile; fileRef = 7009820C22DF763900BAE499 /* MainViewController.swift */; };
		7009821022DF763900BAE499 /* Main.storyboard in Resources */ = {isa = PBXBuildFile; fileRef = 7009820E22DF763900BAE499 /* Main.storyboard */; };
		7009821522DF763A00BAE499 /* LaunchScreen.storyboard in Resources */ = {isa = PBXBuildFile; fileRef = 7009821322DF763A00BAE499 /* LaunchScreen.storyboard */; };
		704D396F22E1D659000ABF18 /* FileCellTableCellView.swift in Sources */ = {isa = PBXBuildFile; fileRef = 704D396E22E1D658000ABF18 /* FileCellTableCellView.swift */; };
		70515A3622EF4BDE00803192 /* DownloadFileListViewController.swift in Sources */ = {isa = PBXBuildFile; fileRef = 70515A3522EF4BDE00803192 /* DownloadFileListViewController.swift */; };
		70515A3822EF697C00803192 /* FilesViewController.swift in Sources */ = {isa = PBXBuildFile; fileRef = 70515A3722EF697C00803192 /* FilesViewController.swift */; };
		7055503A22F07CEB009D315D /* DownloadFilesViewController.swift in Sources */ = {isa = PBXBuildFile; fileRef = 7055503922F07CEB009D315D /* DownloadFilesViewController.swift */; };
		706A0B5C2322837900DB9852 /* Graph.swift in Sources */ = {isa = PBXBuildFile; fileRef = 706A0B5B2322837900DB9852 /* Graph.swift */; };
		706A0B5E2322844100DB9852 /* Point.swift in Sources */ = {isa = PBXBuildFile; fileRef = 706A0B5D2322844100DB9852 /* Point.swift */; };
		706A0B602322B81900DB9852 /* InfoUpdate.swift in Sources */ = {isa = PBXBuildFile; fileRef = 706A0B5F2322B81900DB9852 /* InfoUpdate.swift */; };
		706A0B622322BE9600DB9852 /* WorkingMode.swift in Sources */ = {isa = PBXBuildFile; fileRef = 706A0B612322BE9600DB9852 /* WorkingMode.swift */; };
		70EDCF7423168C2500FF8CA3 /* ExtUIColor.swift in Sources */ = {isa = PBXBuildFile; fileRef = 70EDCF7323168C2500FF8CA3 /* ExtUIColor.swift */; };
		70F0A8F6230065B3007DBE98 /* Alert.swift in Sources */ = {isa = PBXBuildFile; fileRef = 70F0A8F5230065B3007DBE98 /* Alert.swift */; };
		70F1248E2302C79700B92667 /* Assets.xcassets in Resources */ = {isa = PBXBuildFile; fileRef = 70F1248D2302C37600B92667 /* Assets.xcassets */; };
		70F124912302D9B400B92667 /* UIRoundButton.swift in Sources */ = {isa = PBXBuildFile; fileRef = 70F124902302D9B400B92667 /* UIRoundButton.swift */; };
		70F49C8A22E30F7D00881723 /* CsvChecker.swift in Sources */ = {isa = PBXBuildFile; fileRef = 70F49C8922E30F7D00881723 /* CsvChecker.swift */; };
		70F8F82A22E0A77700F0371C /* FileFilter.swift in Sources */ = {isa = PBXBuildFile; fileRef = 70F8F82922E0A77700F0371C /* FileFilter.swift */; };
		70F8F82C22E0A96F00F0371C /* Dropbox.swift in Sources */ = {isa = PBXBuildFile; fileRef = 70F8F82B22E0A96F00F0371C /* Dropbox.swift */; };
/* End PBXBuildFile section */

/* Begin PBXFileReference section */
		11A7CBDF789A9656726808D4 /* Pods-ProjectMobidev.release.xcconfig */ = {isa = PBXFileReference; includeInIndex = 1; lastKnownFileType = text.xcconfig; name = "Pods-ProjectMobidev.release.xcconfig"; path = "Target Support Files/Pods-ProjectMobidev/Pods-ProjectMobidev.release.xcconfig"; sourceTree = "<group>"; };
		7009820522DF763900BAE499 /* ProjectMobidev.app */ = {isa = PBXFileReference; explicitFileType = wrapper.application; includeInIndex = 0; path = ProjectMobidev.app; sourceTree = BUILT_PRODUCTS_DIR; };
		7009820822DF763900BAE499 /* AppDelegate.swift */ = {isa = PBXFileReference; lastKnownFileType = sourcecode.swift; path = AppDelegate.swift; sourceTree = "<group>"; };
		7009820A22DF763900BAE499 /* art.scnassets */ = {isa = PBXFileReference; lastKnownFileType = wrapper.scnassets; name = art.scnassets; path = ProjectMobidev/art.scnassets; sourceTree = SOURCE_ROOT; };
		7009820C22DF763900BAE499 /* MainViewController.swift */ = {isa = PBXFileReference; lastKnownFileType = sourcecode.swift; path = MainViewController.swift; sourceTree = "<group>"; };
		7009820F22DF763900BAE499 /* Base */ = {isa = PBXFileReference; lastKnownFileType = file.storyboard; name = Base; path = Base.lproj/Main.storyboard; sourceTree = "<group>"; };
		7009821422DF763A00BAE499 /* Base */ = {isa = PBXFileReference; lastKnownFileType = file.storyboard; name = Base; path = Base.lproj/LaunchScreen.storyboard; sourceTree = "<group>"; };
		7009821622DF763A00BAE499 /* Info.plist */ = {isa = PBXFileReference; lastKnownFileType = text.plist.xml; path = Info.plist; sourceTree = "<group>"; };
		704D396E22E1D658000ABF18 /* FileCellTableCellView.swift */ = {isa = PBXFileReference; lastKnownFileType = sourcecode.swift; path = FileCellTableCellView.swift; sourceTree = "<group>"; };
		70515A3522EF4BDE00803192 /* DownloadFileListViewController.swift */ = {isa = PBXFileReference; lastKnownFileType = sourcecode.swift; path = DownloadFileListViewController.swift; sourceTree = "<group>"; };
		70515A3722EF697C00803192 /* FilesViewController.swift */ = {isa = PBXFileReference; lastKnownFileType = sourcecode.swift; path = FilesViewController.swift; sourceTree = "<group>"; };
		7055503922F07CEB009D315D /* DownloadFilesViewController.swift */ = {isa = PBXFileReference; lastKnownFileType = sourcecode.swift; path = DownloadFilesViewController.swift; sourceTree = "<group>"; };
		706A0B5B2322837900DB9852 /* Graph.swift */ = {isa = PBXFileReference; lastKnownFileType = sourcecode.swift; path = Graph.swift; sourceTree = "<group>"; };
		706A0B5D2322844100DB9852 /* Point.swift */ = {isa = PBXFileReference; lastKnownFileType = sourcecode.swift; path = Point.swift; sourceTree = "<group>"; };
		706A0B5F2322B81900DB9852 /* InfoUpdate.swift */ = {isa = PBXFileReference; lastKnownFileType = sourcecode.swift; path = InfoUpdate.swift; sourceTree = "<group>"; };
		706A0B612322BE9600DB9852 /* WorkingMode.swift */ = {isa = PBXFileReference; lastKnownFileType = sourcecode.swift; path = WorkingMode.swift; sourceTree = "<group>"; };
		70EDCF7323168C2500FF8CA3 /* ExtUIColor.swift */ = {isa = PBXFileReference; lastKnownFileType = sourcecode.swift; path = ExtUIColor.swift; sourceTree = "<group>"; };
		70F0A8F5230065B3007DBE98 /* Alert.swift */ = {isa = PBXFileReference; lastKnownFileType = sourcecode.swift; path = Alert.swift; sourceTree = "<group>"; };
		70F1248D2302C37600B92667 /* Assets.xcassets */ = {isa = PBXFileReference; lastKnownFileType = folder.assetcatalog; path = Assets.xcassets; sourceTree = "<group>"; };
		70F124902302D9B400B92667 /* UIRoundButton.swift */ = {isa = PBXFileReference; lastKnownFileType = sourcecode.swift; path = UIRoundButton.swift; sourceTree = "<group>"; };
		70F49C8922E30F7D00881723 /* CsvChecker.swift */ = {isa = PBXFileReference; lastKnownFileType = sourcecode.swift; path = CsvChecker.swift; sourceTree = "<group>"; };
		70F8F82922E0A77700F0371C /* FileFilter.swift */ = {isa = PBXFileReference; lastKnownFileType = sourcecode.swift; path = FileFilter.swift; sourceTree = "<group>"; };
		70F8F82B22E0A96F00F0371C /* Dropbox.swift */ = {isa = PBXFileReference; lastKnownFileType = sourcecode.swift; path = Dropbox.swift; sourceTree = "<group>"; };
		8A5100EB51B199E339EAF21A /* Pods-ProjectMobidev.debug.xcconfig */ = {isa = PBXFileReference; includeInIndex = 1; lastKnownFileType = text.xcconfig; name = "Pods-ProjectMobidev.debug.xcconfig"; path = "Target Support Files/Pods-ProjectMobidev/Pods-ProjectMobidev.debug.xcconfig"; sourceTree = "<group>"; };
		B74C18D318898FEFB13EC769 /* Pods_ProjectMobidev.framework */ = {isa = PBXFileReference; explicitFileType = wrapper.framework; includeInIndex = 0; path = Pods_ProjectMobidev.framework; sourceTree = BUILT_PRODUCTS_DIR; };
/* End PBXFileReference section */

/* Begin PBXFrameworksBuildPhase section */
		7009820222DF763900BAE499 /* Frameworks */ = {
			isa = PBXFrameworksBuildPhase;
			buildActionMask = 2147483647;
			files = (
				1444D0A42A9EC1B58B62D8D1 /* Pods_ProjectMobidev.framework in Frameworks */,
			);
			runOnlyForDeploymentPostprocessing = 0;
		};
/* End PBXFrameworksBuildPhase section */

/* Begin PBXGroup section */
		0182323BF037E0B640C405E6 /* Pods */ = {
			isa = PBXGroup;
			children = (
				8A5100EB51B199E339EAF21A /* Pods-ProjectMobidev.debug.xcconfig */,
				11A7CBDF789A9656726808D4 /* Pods-ProjectMobidev.release.xcconfig */,
			);
			path = Pods;
			sourceTree = "<group>";
		};
		700981FC22DF763900BAE499 = {
			isa = PBXGroup;
			children = (
				7009820722DF763900BAE499 /* ProjectMobidev */,
				7009820622DF763900BAE499 /* Products */,
				0182323BF037E0B640C405E6 /* Pods */,
				8A941BFEB2521BC28A719088 /* Frameworks */,
			);
			sourceTree = "<group>";
		};
		7009820622DF763900BAE499 /* Products */ = {
			isa = PBXGroup;
			children = (
				7009820522DF763900BAE499 /* ProjectMobidev.app */,
			);
			name = Products;
			sourceTree = "<group>";
		};
		7009820722DF763900BAE499 /* ProjectMobidev */ = {
			isa = PBXGroup;
			children = (
				70F1248F2302D99400B92667 /* Style */,
				70F0832F22E4D8C300D48AFE /* Storyboard */,
				70F0832E22E4D8A600D48AFE /* Utility */,
				70F0832D22E4D87900D48AFE /* View */,
				70F1248D2302C37600B92667 /* Assets.xcassets */,
				7009820A22DF763900BAE499 /* art.scnassets */,
				7009820822DF763900BAE499 /* AppDelegate.swift */,
				7009821622DF763A00BAE499 /* Info.plist */,
			);
			path = ProjectMobidev;
			sourceTree = "<group>";
		};
		70F0832D22E4D87900D48AFE /* View */ = {
			isa = PBXGroup;
			children = (
				7009820C22DF763900BAE499 /* MainViewController.swift */,
				704D396E22E1D658000ABF18 /* FileCellTableCellView.swift */,
				70515A3722EF697C00803192 /* FilesViewController.swift */,
				70515A3522EF4BDE00803192 /* DownloadFileListViewController.swift */,
				7055503922F07CEB009D315D /* DownloadFilesViewController.swift */,
			);
			path = View;
			sourceTree = "<group>";
		};
		70F0832E22E4D8A600D48AFE /* Utility */ = {
			isa = PBXGroup;
			children = (
				70F49C8922E30F7D00881723 /* CsvChecker.swift */,
				70F8F82922E0A77700F0371C /* FileFilter.swift */,
				70F8F82B22E0A96F00F0371C /* Dropbox.swift */,
				70F0A8F5230065B3007DBE98 /* Alert.swift */,
				70EDCF7323168C2500FF8CA3 /* ExtUIColor.swift */,
				706A0B5B2322837900DB9852 /* Graph.swift */,
				706A0B5D2322844100DB9852 /* Point.swift */,
				706A0B5F2322B81900DB9852 /* InfoUpdate.swift */,
				706A0B612322BE9600DB9852 /* WorkingMode.swift */,
			);
			path = Utility;
			sourceTree = "<group>";
		};
		70F0832F22E4D8C300D48AFE /* Storyboard */ = {
			isa = PBXGroup;
			children = (
				7009820E22DF763900BAE499 /* Main.storyboard */,
				7009821322DF763A00BAE499 /* LaunchScreen.storyboard */,
			);
			path = Storyboard;
			sourceTree = "<group>";
		};
		70F1248F2302D99400B92667 /* Style */ = {
			isa = PBXGroup;
			children = (
				70F124902302D9B400B92667 /* UIRoundButton.swift */,
			);
			path = Style;
			sourceTree = "<group>";
		};
		8A941BFEB2521BC28A719088 /* Frameworks */ = {
			isa = PBXGroup;
			children = (
				B74C18D318898FEFB13EC769 /* Pods_ProjectMobidev.framework */,
			);
			name = Frameworks;
			sourceTree = "<group>";
		};
/* End PBXGroup section */

/* Begin PBXNativeTarget section */
		7009820422DF763900BAE499 /* ProjectMobidev */ = {
			isa = PBXNativeTarget;
			buildConfigurationList = 7009821922DF763A00BAE499 /* Build configuration list for PBXNativeTarget "ProjectMobidev" */;
			buildPhases = (
				8EC29C7C96E9623816D8E578 /* [CP] Check Pods Manifest.lock */,
				7009820122DF763900BAE499 /* Sources */,
				7009820222DF763900BAE499 /* Frameworks */,
				7009820322DF763900BAE499 /* Resources */,
				1DDA9B2DEA55FE558B3EF596 /* [CP] Embed Pods Frameworks */,
			);
			buildRules = (
			);
			dependencies = (
			);
			name = ProjectMobidev;
			productName = ProjectMobidev;
			productReference = 7009820522DF763900BAE499 /* ProjectMobidev.app */;
			productType = "com.apple.product-type.application";
		};
/* End PBXNativeTarget section */

/* Begin PBXProject section */
		700981FD22DF763900BAE499 /* Project object */ = {
			isa = PBXProject;
			attributes = {
				LastSwiftUpdateCheck = 1020;
				LastUpgradeCheck = 1020;
				ORGANIZATIONNAME = "Pietro Prebianca";
				TargetAttributes = {
					7009820422DF763900BAE499 = {
						CreatedOnToolsVersion = 10.2.1;
					};
				};
			};
			buildConfigurationList = 7009820022DF763900BAE499 /* Build configuration list for PBXProject "ProjectMobidev" */;
			compatibilityVersion = "Xcode 9.3";
			developmentRegion = en;
			hasScannedForEncodings = 0;
			knownRegions = (
				en,
				Base,
			);
			mainGroup = 700981FC22DF763900BAE499;
			productRefGroup = 7009820622DF763900BAE499 /* Products */;
			projectDirPath = "";
			projectRoot = "";
			targets = (
				7009820422DF763900BAE499 /* ProjectMobidev */,
			);
		};
/* End PBXProject section */

/* Begin PBXResourcesBuildPhase section */
		7009820322DF763900BAE499 /* Resources */ = {
			isa = PBXResourcesBuildPhase;
			buildActionMask = 2147483647;
			files = (
				7009820B22DF763900BAE499 /* art.scnassets in Resources */,
				7009821522DF763A00BAE499 /* LaunchScreen.storyboard in Resources */,
				70F1248E2302C79700B92667 /* Assets.xcassets in Resources */,
				7009821022DF763900BAE499 /* Main.storyboard in Resources */,
			);
			runOnlyForDeploymentPostprocessing = 0;
		};
/* End PBXResourcesBuildPhase section */

/* Begin PBXShellScriptBuildPhase section */
		1DDA9B2DEA55FE558B3EF596 /* [CP] Embed Pods Frameworks */ = {
			isa = PBXShellScriptBuildPhase;
			buildActionMask = 2147483647;
			files = (
			);
			inputFileListPaths = (
				"${PODS_ROOT}/Target Support Files/Pods-ProjectMobidev/Pods-ProjectMobidev-frameworks-${CONFIGURATION}-input-files.xcfilelist",
			);
			name = "[CP] Embed Pods Frameworks";
			outputFileListPaths = (
				"${PODS_ROOT}/Target Support Files/Pods-ProjectMobidev/Pods-ProjectMobidev-frameworks-${CONFIGURATION}-output-files.xcfilelist",
			);
			runOnlyForDeploymentPostprocessing = 0;
			shellPath = /bin/sh;
			shellScript = "\"${PODS_ROOT}/Target Support Files/Pods-ProjectMobidev/Pods-ProjectMobidev-frameworks.sh\"\n";
			showEnvVarsInLog = 0;
		};
		8EC29C7C96E9623816D8E578 /* [CP] Check Pods Manifest.lock */ = {
			isa = PBXShellScriptBuildPhase;
			buildActionMask = 2147483647;
			files = (
			);
			inputFileListPaths = (
			);
			inputPaths = (
				"${PODS_PODFILE_DIR_PATH}/Podfile.lock",
				"${PODS_ROOT}/Manifest.lock",
			);
			name = "[CP] Check Pods Manifest.lock";
			outputFileListPaths = (
			);
			outputPaths = (
				"$(DERIVED_FILE_DIR)/Pods-ProjectMobidev-checkManifestLockResult.txt",
			);
			runOnlyForDeploymentPostprocessing = 0;
			shellPath = /bin/sh;
			shellScript = "diff \"${PODS_PODFILE_DIR_PATH}/Podfile.lock\" \"${PODS_ROOT}/Manifest.lock\" > /dev/null\nif [ $? != 0 ] ; then\n    # print error to STDERR\n    echo \"error: The sandbox is not in sync with the Podfile.lock. Run 'pod install' or update your CocoaPods installation.\" >&2\n    exit 1\nfi\n# This output is used by Xcode 'outputs' to avoid re-running this script phase.\necho \"SUCCESS\" > \"${SCRIPT_OUTPUT_FILE_0}\"\n";
			showEnvVarsInLog = 0;
		};
/* End PBXShellScriptBuildPhase section */

/* Begin PBXSourcesBuildPhase section */
		7009820122DF763900BAE499 /* Sources */ = {
			isa = PBXSourcesBuildPhase;
			buildActionMask = 2147483647;
			files = (
				70F8F82A22E0A77700F0371C /* FileFilter.swift in Sources */,
				706A0B5C2322837900DB9852 /* Graph.swift in Sources */,
				706A0B622322BE9600DB9852 /* WorkingMode.swift in Sources */,
				70515A3622EF4BDE00803192 /* DownloadFileListViewController.swift in Sources */,
				704D396F22E1D659000ABF18 /* FileCellTableCellView.swift in Sources */,
				706A0B5E2322844100DB9852 /* Point.swift in Sources */,
				70F8F82C22E0A96F00F0371C /* Dropbox.swift in Sources */,
				70F49C8A22E30F7D00881723 /* CsvChecker.swift in Sources */,
				70EDCF7423168C2500FF8CA3 /* ExtUIColor.swift in Sources */,
				706A0B602322B81900DB9852 /* InfoUpdate.swift in Sources */,
				7055503A22F07CEB009D315D /* DownloadFilesViewController.swift in Sources */,
				70F0A8F6230065B3007DBE98 /* Alert.swift in Sources */,
				7009820D22DF763900BAE499 /* MainViewController.swift in Sources */,
				7009820922DF763900BAE499 /* AppDelegate.swift in Sources */,
				70F124912302D9B400B92667 /* UIRoundButton.swift in Sources */,
				70515A3822EF697C00803192 /* FilesViewController.swift in Sources */,
			);
			runOnlyForDeploymentPostprocessing = 0;
		};
/* End PBXSourcesBuildPhase section */

/* Begin PBXVariantGroup section */
		7009820E22DF763900BAE499 /* Main.storyboard */ = {
			isa = PBXVariantGroup;
			children = (
				7009820F22DF763900BAE499 /* Base */,
			);
			name = Main.storyboard;
			sourceTree = "<group>";
		};
		7009821322DF763A00BAE499 /* LaunchScreen.storyboard */ = {
			isa = PBXVariantGroup;
			children = (
				7009821422DF763A00BAE499 /* Base */,
			);
			name = LaunchScreen.storyboard;
			sourceTree = "<group>";
		};
/* End PBXVariantGroup section */

/* Begin XCBuildConfiguration section */
		7009821722DF763A00BAE499 /* Debug */ = {
			isa = XCBuildConfiguration;
			buildSettings = {
				ALWAYS_SEARCH_USER_PATHS = NO;
				CLANG_ANALYZER_NONNULL = YES;
				CLANG_ANALYZER_NUMBER_OBJECT_CONVERSION = YES_AGGRESSIVE;
				CLANG_CXX_LANGUAGE_STANDARD = "gnu++14";
				CLANG_CXX_LIBRARY = "libc++";
				CLANG_ENABLE_MODULES = YES;
				CLANG_ENABLE_OBJC_ARC = YES;
				CLANG_ENABLE_OBJC_WEAK = YES;
				CLANG_WARN_BLOCK_CAPTURE_AUTORELEASING = YES;
				CLANG_WARN_BOOL_CONVERSION = YES;
				CLANG_WARN_COMMA = YES;
				CLANG_WARN_CONSTANT_CONVERSION = YES;
				CLANG_WARN_DEPRECATED_OBJC_IMPLEMENTATIONS = YES;
				CLANG_WARN_DIRECT_OBJC_ISA_USAGE = YES_ERROR;
				CLANG_WARN_DOCUMENTATION_COMMENTS = YES;
				CLANG_WARN_EMPTY_BODY = YES;
				CLANG_WARN_ENUM_CONVERSION = YES;
				CLANG_WARN_INFINITE_RECURSION = YES;
				CLANG_WARN_INT_CONVERSION = YES;
				CLANG_WARN_NON_LITERAL_NULL_CONVERSION = YES;
				CLANG_WARN_OBJC_IMPLICIT_RETAIN_SELF = YES;
				CLANG_WARN_OBJC_LITERAL_CONVERSION = YES;
				CLANG_WARN_OBJC_ROOT_CLASS = YES_ERROR;
				CLANG_WARN_RANGE_LOOP_ANALYSIS = YES;
				CLANG_WARN_STRICT_PROTOTYPES = YES;
				CLANG_WARN_SUSPICIOUS_MOVE = YES;
				CLANG_WARN_UNGUARDED_AVAILABILITY = YES_AGGRESSIVE;
				CLANG_WARN_UNREACHABLE_CODE = YES;
				CLANG_WARN__DUPLICATE_METHOD_MATCH = YES;
				CODE_SIGN_IDENTITY = "iPhone Developer";
				COPY_PHASE_STRIP = NO;
				DEBUG_INFORMATION_FORMAT = dwarf;
				EMBED_ASSET_PACKS_IN_PRODUCT_BUNDLE = NO;
				ENABLE_STRICT_OBJC_MSGSEND = YES;
				ENABLE_TESTABILITY = YES;
				GCC_C_LANGUAGE_STANDARD = gnu11;
				GCC_DYNAMIC_NO_PIC = NO;
				GCC_NO_COMMON_BLOCKS = YES;
				GCC_OPTIMIZATION_LEVEL = 0;
				GCC_PREPROCESSOR_DEFINITIONS = (
					"DEBUG=1",
					"$(inherited)",
				);
				GCC_WARN_64_TO_32_BIT_CONVERSION = YES;
				GCC_WARN_ABOUT_RETURN_TYPE = YES_ERROR;
				GCC_WARN_UNDECLARED_SELECTOR = YES;
				GCC_WARN_UNINITIALIZED_AUTOS = YES_AGGRESSIVE;
				GCC_WARN_UNUSED_FUNCTION = YES;
				GCC_WARN_UNUSED_VARIABLE = YES;
				IPHONEOS_DEPLOYMENT_TARGET = 12.2;
				MTL_ENABLE_DEBUG_INFO = INCLUDE_SOURCE;
				MTL_FAST_MATH = YES;
				ONLY_ACTIVE_ARCH = YES;
				SDKROOT = iphoneos;
				SWIFT_ACTIVE_COMPILATION_CONDITIONS = DEBUG;
				SWIFT_OPTIMIZATION_LEVEL = "-Onone";
			};
			name = Debug;
		};
		7009821822DF763A00BAE499 /* Release */ = {
			isa = XCBuildConfiguration;
			buildSettings = {
				ALWAYS_SEARCH_USER_PATHS = NO;
				CLANG_ANALYZER_NONNULL = YES;
				CLANG_ANALYZER_NUMBER_OBJECT_CONVERSION = YES_AGGRESSIVE;
				CLANG_CXX_LANGUAGE_STANDARD = "gnu++14";
				CLANG_CXX_LIBRARY = "libc++";
				CLANG_ENABLE_MODULES = YES;
				CLANG_ENABLE_OBJC_ARC = YES;
				CLANG_ENABLE_OBJC_WEAK = YES;
				CLANG_WARN_BLOCK_CAPTURE_AUTORELEASING = YES;
				CLANG_WARN_BOOL_CONVERSION = YES;
				CLANG_WARN_COMMA = YES;
				CLANG_WARN_CONSTANT_CONVERSION = YES;
				CLANG_WARN_DEPRECATED_OBJC_IMPLEMENTATIONS = YES;
				CLANG_WARN_DIRECT_OBJC_ISA_USAGE = YES_ERROR;
				CLANG_WARN_DOCUMENTATION_COMMENTS = YES;
				CLANG_WARN_EMPTY_BODY = YES;
				CLANG_WARN_ENUM_CONVERSION = YES;
				CLANG_WARN_INFINITE_RECURSION = YES;
				CLANG_WARN_INT_CONVERSION = YES;
				CLANG_WARN_NON_LITERAL_NULL_CONVERSION = YES;
				CLANG_WARN_OBJC_IMPLICIT_RETAIN_SELF = YES;
				CLANG_WARN_OBJC_LITERAL_CONVERSION = YES;
				CLANG_WARN_OBJC_ROOT_CLASS = YES_ERROR;
				CLANG_WARN_RANGE_LOOP_ANALYSIS = YES;
				CLANG_WARN_STRICT_PROTOTYPES = YES;
				CLANG_WARN_SUSPICIOUS_MOVE = YES;
				CLANG_WARN_UNGUARDED_AVAILABILITY = YES_AGGRESSIVE;
				CLANG_WARN_UNREACHABLE_CODE = YES;
				CLANG_WARN__DUPLICATE_METHOD_MATCH = YES;
				CODE_SIGN_IDENTITY = "iPhone Developer";
				COPY_PHASE_STRIP = NO;
				DEBUG_INFORMATION_FORMAT = "dwarf-with-dsym";
				EMBED_ASSET_PACKS_IN_PRODUCT_BUNDLE = NO;
				ENABLE_NS_ASSERTIONS = NO;
				ENABLE_STRICT_OBJC_MSGSEND = YES;
				GCC_C_LANGUAGE_STANDARD = gnu11;
				GCC_NO_COMMON_BLOCKS = YES;
				GCC_WARN_64_TO_32_BIT_CONVERSION = YES;
				GCC_WARN_ABOUT_RETURN_TYPE = YES_ERROR;
				GCC_WARN_UNDECLARED_SELECTOR = YES;
				GCC_WARN_UNINITIALIZED_AUTOS = YES_AGGRESSIVE;
				GCC_WARN_UNUSED_FUNCTION = YES;
				GCC_WARN_UNUSED_VARIABLE = YES;
				IPHONEOS_DEPLOYMENT_TARGET = 12.2;
				MTL_ENABLE_DEBUG_INFO = NO;
				MTL_FAST_MATH = YES;
				SDKROOT = iphoneos;
				SWIFT_COMPILATION_MODE = wholemodule;
				SWIFT_OPTIMIZATION_LEVEL = "-O";
				VALIDATE_PRODUCT = YES;
			};
			name = Release;
		};
		7009821A22DF763A00BAE499 /* Debug */ = {
			isa = XCBuildConfiguration;
			baseConfigurationReference = 8A5100EB51B199E339EAF21A /* Pods-ProjectMobidev.debug.xcconfig */;
			buildSettings = {
				ASSETCATALOG_COMPILER_APPICON_NAME = AppIcon;
				CODE_SIGN_STYLE = Automatic;
				DEVELOPMENT_TEAM = 7BS8A3M6NB;
				INFOPLIST_FILE = ProjectMobidev/Info.plist;
				LD_RUNPATH_SEARCH_PATHS = (
					"$(inherited)",
					"@executable_path/Frameworks",
				);
				PRODUCT_BUNDLE_IDENTIFIER = Unimi.ProjectMobidev;
				PRODUCT_NAME = "$(TARGET_NAME)";
				SWIFT_VERSION = 5.0;
				TARGETED_DEVICE_FAMILY = "1,2";
			};
			name = Debug;
		};
		7009821B22DF763A00BAE499 /* Release */ = {
			isa = XCBuildConfiguration;
			baseConfigurationReference = 11A7CBDF789A9656726808D4 /* Pods-ProjectMobidev.release.xcconfig */;
			buildSettings = {
				ASSETCATALOG_COMPILER_APPICON_NAME = AppIcon;
				CODE_SIGN_STYLE = Automatic;
				DEVELOPMENT_TEAM = 7BS8A3M6NB;
				INFOPLIST_FILE = ProjectMobidev/Info.plist;
				LD_RUNPATH_SEARCH_PATHS = (
					"$(inherited)",
					"@executable_path/Frameworks",
				);
				PRODUCT_BUNDLE_IDENTIFIER = Unimi.ProjectMobidev;
				PRODUCT_NAME = "$(TARGET_NAME)";
				SWIFT_VERSION = 5.0;
				TARGETED_DEVICE_FAMILY = "1,2";
			};
			name = Release;
		};
/* End XCBuildConfiguration section */

/* Begin XCConfigurationList section */
		7009820022DF763900BAE499 /* Build configuration list for PBXProject "ProjectMobidev" */ = {
			isa = XCConfigurationList;
			buildConfigurations = (
				7009821722DF763A00BAE499 /* Debug */,
				7009821822DF763A00BAE499 /* Release */,
			);
			defaultConfigurationIsVisible = 0;
			defaultConfigurationName = Release;
		};
		7009821922DF763A00BAE499 /* Build configuration list for PBXNativeTarget "ProjectMobidev" */ = {
			isa = XCConfigurationList;
			buildConfigurations = (
				7009821A22DF763A00BAE499 /* Debug */,
				7009821B22DF763A00BAE499 /* Release */,
			);
			defaultConfigurationIsVisible = 0;
			defaultConfigurationName = Release;
		};
/* End XCConfigurationList section */
	};
	rootObject = 700981FD22DF763900BAE499 /* Project object */;
}
